
Microsoft Visual Studio Solution File, Format Version 12.00
# Visual Studio Version 17
VisualStudioVersion = 17.4.33213.308
MinimumVisualStudioVersion = 10.0.40219.1
Project("{9A19103F-16F7-4668-BE54-9A1E7A4F7556}") = "mario-06", "mario-06.csproj", "{94B0B53C-A07A-4D42-9749-D052A5225ED4}"
EndProject
Project("{9A19103F-16F7-4668-BE54-9A1E7A4F7556}") = "CjClutter.ObjLoader.Loader", "CjClutter.ObjLoader.Loader\CjClutter.ObjLoader.Loader.csproj", "{4FB6B857-465F-4D58-91C3-F1BCC2F3C812}"
EndProject
Global
	GlobalSection(SolutionConfigurationPlatforms) = preSolution
		Debug|Any CPU = Debug|Any CPU
		Release|Any CPU = Release|Any CPU
	EndGlobalSection
	GlobalSection(ProjectConfigurationPlatforms) = postSolution
		{94B0B53C-A07A-4D42-9749-D052A5225ED4}.Debug|Any CPU.ActiveCfg = Debug|Any CPU
		{94B0B53C-A07A-4D42-9749-D052A5225ED4}.Debug|Any CPU.Build.0 = Debug|Any CPU
		{94B0B53C-A07A-4D42-9749-D052A5225ED4}.Release|Any CPU.ActiveCfg = Release|Any CPU
		{94B0B53C-A07A-4D42-9749-D052A5225ED4}.Release|Any CPU.Build.0 = Release|Any CPU
		{4FB6B857-465F-4D58-91C3-F1BCC2F3C812}.Debug|Any CPU.ActiveCfg = Debug|Any CPU
		{4FB6B857-465F-4D58-91C3-F1BCC2F3C812}.Debug|Any CPU.Build.0 = Debug|Any CPU
		{4FB6B857-465F-4D58-91C3-F1BCC2F3C812}.Release|Any CPU.ActiveCfg = Release|Any CPU
		{4FB6B857-465F-4D58-91C3-F1BCC2F3C812}.Release|Any CPU.Build.0 = Release|Any CPU
	EndGlobalSection
	GlobalSection(SolutionProperties) = preSolution
		HideSolutionNode = FALSE
	EndGlobalSection
	GlobalSection(ExtensibilityGlobals) = postSolution
		SolutionGuid = {5CBEBE95-1133-4B02-873F-52A0E2AC6EC9}
	EndGlobalSection
EndGlobal
